
Microsoft Visual Studio Solution File, Format Version 12.00
Project("{FAE04EC0-301F-11D3-BF4B-00C04F79EFBC}") = "Trabajar.Testes", "Trabajar.Testes\Trabajar.Testes.csproj", "{5309251D-CA65-44E1-AFAC-DBD92D89991F}"
EndProject
Project("{FAE04EC0-301F-11D3-BF4B-00C04F79EFBC}") = "Trabajar.Core", "Trabajar.Core\Trabajar.Core.csproj", "{FB767D4F-A461-4763-860E-42098CBD4848}"
EndProject
Global
	GlobalSection(SolutionConfigurationPlatforms) = preSolution
		Debug|Any CPU = Debug|Any CPU
		Release|Any CPU = Release|Any CPU
	EndGlobalSection
	GlobalSection(ProjectConfigurationPlatforms) = postSolution
		{5309251D-CA65-44E1-AFAC-DBD92D89991F}.Debug|Any CPU.ActiveCfg = Debug|Any CPU
		{5309251D-CA65-44E1-AFAC-DBD92D89991F}.Debug|Any CPU.Build.0 = Debug|Any CPU
		{5309251D-CA65-44E1-AFAC-DBD92D89991F}.Release|Any CPU.ActiveCfg = Release|Any CPU
		{5309251D-CA65-44E1-AFAC-DBD92D89991F}.Release|Any CPU.Build.0 = Release|Any CPU
		{FB767D4F-A461-4763-860E-42098CBD4848}.Debug|Any CPU.ActiveCfg = Debug|Any CPU
		{FB767D4F-A461-4763-860E-42098CBD4848}.Debug|Any CPU.Build.0 = Debug|Any CPU
		{FB767D4F-A461-4763-860E-42098CBD4848}.Release|Any CPU.ActiveCfg = Release|Any CPU
		{FB767D4F-A461-4763-860E-42098CBD4848}.Release|Any CPU.Build.0 = Release|Any CPU
	EndGlobalSection
EndGlobal
